
Microsoft Visual Studio Solution File, Format Version 12.00
# Visual Studio Version 17
VisualStudioVersion = 17.0.32112.339
MinimumVisualStudioVersion = 10.0.40219.1
Project("{FAE04EC0-301F-11D3-BF4B-00C04F79EFBC}") = "primeiro_app.UWP", "primeiro_app\primeiro_app.UWP\primeiro_app.UWP.csproj", "{63A93C46-0CE5-496C-843E-D7F050058007}"
EndProject
Project("{FAE04EC0-301F-11D3-BF4B-00C04F79EFBC}") = "primeiro_app.Android", "primeiro_app\primeiro_app.Android\primeiro_app.Android.csproj", "{04B8C997-2D1D-4CB1-8F7F-63B0348EF3AB}"
EndProject
Project("{FAE04EC0-301F-11D3-BF4B-00C04F79EFBC}") = "primeiro_app", "primeiro_app\primeiro_app\primeiro_app.csproj", "{7F64211C-2072-4B56-AA5D-69B1A0C0B543}"
EndProject
Global
	GlobalSection(SolutionConfigurationPlatforms) = preSolution
		Debug|Any CPU = Debug|Any CPU
		Debug|ARM = Debug|ARM
		Debug|x64 = Debug|x64
		Debug|x86 = Debug|x86
		Release|Any CPU = Release|Any CPU
		Release|ARM = Release|ARM
		Release|x64 = Release|x64
		Release|x86 = Release|x86
	EndGlobalSection
	GlobalSection(ProjectConfigurationPlatforms) = postSolution
		{63A93C46-0CE5-496C-843E-D7F050058007}.Debug|Any CPU.ActiveCfg = Debug|x64
		{63A93C46-0CE5-496C-843E-D7F050058007}.Debug|Any CPU.Build.0 = Debug|x64
		{63A93C46-0CE5-496C-843E-D7F050058007}.Debug|Any CPU.Deploy.0 = Debug|x64
		{63A93C46-0CE5-496C-843E-D7F050058007}.Debug|ARM.ActiveCfg = Debug|ARM
		{63A93C46-0CE5-496C-843E-D7F050058007}.Debug|ARM.Build.0 = Debug|ARM
		{63A93C46-0CE5-496C-843E-D7F050058007}.Debug|ARM.Deploy.0 = Debug|ARM
		{63A93C46-0CE5-496C-843E-D7F050058007}.Debug|x64.ActiveCfg = Debug|x64
		{63A93C46-0CE5-496C-843E-D7F050058007}.Debug|x64.Build.0 = Debug|x64
		{63A93C46-0CE5-496C-843E-D7F050058007}.Debug|x64.Deploy.0 = Debug|x64
		{63A93C46-0CE5-496C-843E-D7F050058007}.Debug|x86.ActiveCfg = Debug|x86
		{63A93C46-0CE5-496C-843E-D7F050058007}.Debug|x86.Build.0 = Debug|x86
		{63A93C46-0CE5-496C-843E-D7F050058007}.Debug|x86.Deploy.0 = Debug|x86
		{63A93C46-0CE5-496C-843E-D7F050058007}.Release|Any CPU.ActiveCfg = Release|x64
		{63A93C46-0CE5-496C-843E-D7F050058007}.Release|Any CPU.Build.0 = Release|x64
		{63A93C46-0CE5-496C-843E-D7F050058007}.Release|Any CPU.Deploy.0 = Release|x64
		{63A93C46-0CE5-496C-843E-D7F050058007}.Release|ARM.ActiveCfg = Release|ARM
		{63A93C46-0CE5-496C-843E-D7F050058007}.Release|ARM.Build.0 = Release|ARM
		{63A93C46-0CE5-496C-843E-D7F050058007}.Release|ARM.Deploy.0 = Release|ARM
		{63A93C46-0CE5-496C-843E-D7F050058007}.Release|x64.ActiveCfg = Release|x64
		{63A93C46-0CE5-496C-843E-D7F050058007}.Release|x64.Build.0 = Release|x64
		{63A93C46-0CE5-496C-843E-D7F050058007}.Release|x64.Deploy.0 = Release|x64
		{63A93C46-0CE5-496C-843E-D7F050058007}.Release|x86.ActiveCfg = Release|x86
		{63A93C46-0CE5-496C-843E-D7F050058007}.Release|x86.Build.0 = Release|x86
		{63A93C46-0CE5-496C-843E-D7F050058007}.Release|x86.Deploy.0 = Release|x86
		{04B8C997-2D1D-4CB1-8F7F-63B0348EF3AB}.Debug|Any CPU.ActiveCfg = Debug|Any CPU
		{04B8C997-2D1D-4CB1-8F7F-63B0348EF3AB}.Debug|Any CPU.Build.0 = Debug|Any CPU
		{04B8C997-2D1D-4CB1-8F7F-63B0348EF3AB}.Debug|Any CPU.Deploy.0 = Debug|Any CPU
		{04B8C997-2D1D-4CB1-8F7F-63B0348EF3AB}.Debug|ARM.ActiveCfg = Debug|Any CPU
		{04B8C997-2D1D-4CB1-8F7F-63B0348EF3AB}.Debug|ARM.Build.0 = Debug|Any CPU
		{04B8C997-2D1D-4CB1-8F7F-63B0348EF3AB}.Debug|ARM.Deploy.0 = Debug|Any CPU
		{04B8C997-2D1D-4CB1-8F7F-63B0348EF3AB}.Debug|x64.ActiveCfg = Debug|Any CPU
		{04B8C997-2D1D-4CB1-8F7F-63B0348EF3AB}.Debug|x64.Build.0 = Debug|Any CPU
		{04B8C997-2D1D-4CB1-8F7F-63B0348EF3AB}.Debug|x64.Deploy.0 = Debug|Any CPU
		{04B8C997-2D1D-4CB1-8F7F-63B0348EF3AB}.Debug|x86.ActiveCfg = Debug|Any CPU
		{04B8C997-2D1D-4CB1-8F7F-63B0348EF3AB}.Debug|x86.Build.0 = Debug|Any CPU
		{04B8C997-2D1D-4CB1-8F7F-63B0348EF3AB}.Debug|x86.Deploy.0 = Debug|Any CPU
		{04B8C997-2D1D-4CB1-8F7F-63B0348EF3AB}.Release|Any CPU.ActiveCfg = Release|Any CPU
		{04B8C997-2D1D-4CB1-8F7F-63B0348EF3AB}.Release|Any CPU.Build.0 = Release|Any CPU
		{04B8C997-2D1D-4CB1-8F7F-63B0348EF3AB}.Release|Any CPU.Deploy.0 = Release|Any CPU
		{04B8C997-2D1D-4CB1-8F7F-63B0348EF3AB}.Release|ARM.ActiveCfg = Release|Any CPU
		{04B8C997-2D1D-4CB1-8F7F-63B0348EF3AB}.Release|ARM.Build.0 = Release|Any CPU
		{04B8C997-2D1D-4CB1-8F7F-63B0348EF3AB}.Release|ARM.Deploy.0 = Release|Any CPU
		{04B8C997-2D1D-4CB1-8F7F-63B0348EF3AB}.Release|x64.ActiveCfg = Release|Any CPU
		{04B8C997-2D1D-4CB1-8F7F-63B0348EF3AB}.Release|x64.Build.0 = Release|Any CPU
		{04B8C997-2D1D-4CB1-8F7F-63B0348EF3AB}.Release|x64.Deploy.0 = Release|Any CPU
		{04B8C997-2D1D-4CB1-8F7F-63B0348EF3AB}.Release|x86.ActiveCfg = Release|Any CPU
		{04B8C997-2D1D-4CB1-8F7F-63B0348EF3AB}.Release|x86.Build.0 = Release|Any CPU
		{04B8C997-2D1D-4CB1-8F7F-63B0348EF3AB}.Release|x86.Deploy.0 = Release|Any CPU
		{7F64211C-2072-4B56-AA5D-69B1A0C0B543}.Debug|Any CPU.ActiveCfg = Debug|Any CPU
		{7F64211C-2072-4B56-AA5D-69B1A0C0B543}.Debug|Any CPU.Build.0 = Debug|Any CPU
		{7F64211C-2072-4B56-AA5D-69B1A0C0B543}.Debug|Any CPU.Deploy.0 = Debug|Any CPU
		{7F64211C-2072-4B56-AA5D-69B1A0C0B543}.Debug|ARM.ActiveCfg = Debug|Any CPU
		{7F64211C-2072-4B56-AA5D-69B1A0C0B543}.Debug|ARM.Build.0 = Debug|Any CPU
		{7F64211C-2072-4B56-AA5D-69B1A0C0B543}.Debug|ARM.Deploy.0 = Debug|Any CPU
		{7F64211C-2072-4B56-AA5D-69B1A0C0B543}.Debug|x64.ActiveCfg = Debug|Any CPU
		{7F64211C-2072-4B56-AA5D-69B1A0C0B543}.Debug|x64.Build.0 = Debug|Any CPU
		{7F64211C-2072-4B56-AA5D-69B1A0C0B543}.Debug|x64.Deploy.0 = Debug|Any CPU
		{7F64211C-2072-4B56-AA5D-69B1A0C0B543}.Debug|x86.ActiveCfg = Debug|Any CPU
		{7F64211C-2072-4B56-AA5D-69B1A0C0B543}.Debug|x86.Build.0 = Debug|Any CPU
		{7F64211C-2072-4B56-AA5D-69B1A0C0B543}.Debug|x86.Deploy.0 = Debug|Any CPU
		{7F64211C-2072-4B56-AA5D-69B1A0C0B543}.Release|Any CPU.ActiveCfg = Release|Any CPU
		{7F64211C-2072-4B56-AA5D-69B1A0C0B543}.Release|Any CPU.Build.0 = Release|Any CPU
		{7F64211C-2072-4B56-AA5D-69B1A0C0B543}.Release|Any CPU.Deploy.0 = Release|Any CPU
		{7F64211C-2072-4B56-AA5D-69B1A0C0B543}.Release|ARM.ActiveCfg = Release|Any CPU
		{7F64211C-2072-4B56-AA5D-69B1A0C0B543}.Release|ARM.Build.0 = Release|Any CPU
		{7F64211C-2072-4B56-AA5D-69B1A0C0B543}.Release|ARM.Deploy.0 = Release|Any CPU
		{7F64211C-2072-4B56-AA5D-69B1A0C0B543}.Release|x64.ActiveCfg = Release|Any CPU
		{7F64211C-2072-4B56-AA5D-69B1A0C0B543}.Release|x64.Build.0 = Release|Any CPU
		{7F64211C-2072-4B56-AA5D-69B1A0C0B543}.Release|x64.Deploy.0 = Release|Any CPU
		{7F64211C-2072-4B56-AA5D-69B1A0C0B543}.Release|x86.ActiveCfg = Release|Any CPU
		{7F64211C-2072-4B56-AA5D-69B1A0C0B543}.Release|x86.Build.0 = Release|Any CPU
		{7F64211C-2072-4B56-AA5D-69B1A0C0B543}.Release|x86.Deploy.0 = Release|Any CPU
	EndGlobalSection
	GlobalSection(SolutionProperties) = preSolution
		HideSolutionNode = FALSE
	EndGlobalSection
	GlobalSection(ExtensibilityGlobals) = postSolution
		SolutionGuid = {B153A101-1BDD-4650-A82B-27F3ABA52451}
	EndGlobalSection
EndGlobal
